// !$*UTF8*$!
{
	archiveVersion = 1;
	classes = {
	};
	objectVersion = 48;
	objects = {

/* Begin PBXBuildFile section */
		ECDFABFF203B09B80043AADF /* AppDelegate.swift in Sources */ = {isa = PBXBuildFile; fileRef = ECDFABFE203B09B80043AADF /* AppDelegate.swift */; };
		ECDFAC01203B09B80043AADF /* ViewController.swift in Sources */ = {isa = PBXBuildFile; fileRef = ECDFAC00203B09B80043AADF /* ViewController.swift */; };
		ECDFAC04203B09B80043AADF /* Main.storyboard in Resources */ = {isa = PBXBuildFile; fileRef = ECDFAC02203B09B80043AADF /* Main.storyboard */; };
		ECDFAC06203B09B80043AADF /* Assets.xcassets in Resources */ = {isa = PBXBuildFile; fileRef = ECDFAC05203B09B80043AADF /* Assets.xcassets */; };
		ECDFAC09203B09B80043AADF /* LaunchScreen.storyboard in Resources */ = {isa = PBXBuildFile; fileRef = ECDFAC07203B09B80043AADF /* LaunchScreen.storyboard */; };
		ECDFAC11203B0CC00043AADF /* Video.swift in Sources */ = {isa = PBXBuildFile; fileRef = ECDFAC10203B0CC00043AADF /* Video.swift */; };
		ECDFAC13203B0D520043AADF /* VideoModel.swift in Sources */ = {isa = PBXBuildFile; fileRef = ECDFAC12203B0D520043AADF /* VideoModel.swift */; };
		ECDFAC18203B24270043AADF /* VideoDetailViewController.swift in Sources */ = {isa = PBXBuildFile; fileRef = ECDFAC17203B24270043AADF /* VideoDetailViewController.swift */; };
/* End PBXBuildFile section */

/* Begin PBXFileReference section */
		ECDFABFB203B09B80043AADF /* RecipeApp.app */ = {isa = PBXFileReference; explicitFileType = wrapper.application; includeInIndex = 0; path = RecipeApp.app; sourceTree = BUILT_PRODUCTS_DIR; };
		ECDFABFE203B09B80043AADF /* AppDelegate.swift */ = {isa = PBXFileReference; lastKnownFileType = sourcecode.swift; path = AppDelegate.swift; sourceTree = "<group>"; };
		ECDFAC00203B09B80043AADF /* ViewController.swift */ = {isa = PBXFileReference; lastKnownFileType = sourcecode.swift; path = ViewController.swift; sourceTree = "<group>"; };
		ECDFAC03203B09B80043AADF /* Base */ = {isa = PBXFileReference; lastKnownFileType = file.storyboard; name = Base; path = Base.lproj/Main.storyboard; sourceTree = "<group>"; };
		ECDFAC05203B09B80043AADF /* Assets.xcassets */ = {isa = PBXFileReference; lastKnownFileType = folder.assetcatalog; path = Assets.xcassets; sourceTree = "<group>"; };
		ECDFAC08203B09B80043AADF /* Base */ = {isa = PBXFileReference; lastKnownFileType = file.storyboard; name = Base; path = Base.lproj/LaunchScreen.storyboard; sourceTree = "<group>"; };
		ECDFAC0A203B09B80043AADF /* Info.plist */ = {isa = PBXFileReference; lastKnownFileType = text.plist.xml; path = Info.plist; sourceTree = "<group>"; };
		ECDFAC10203B0CC00043AADF /* Video.swift */ = {isa = PBXFileReference; lastKnownFileType = sourcecode.swift; path = Video.swift; sourceTree = "<group>"; };
		ECDFAC12203B0D520043AADF /* VideoModel.swift */ = {isa = PBXFileReference; lastKnownFileType = sourcecode.swift; path = VideoModel.swift; sourceTree = "<group>"; };
		ECDFAC17203B24270043AADF /* VideoDetailViewController.swift */ = {isa = PBXFileReference; lastKnownFileType = sourcecode.swift; path = VideoDetailViewController.swift; sourceTree = "<group>"; };
/* End PBXFileReference section */

/* Begin PBXFrameworksBuildPhase section */
		ECDFABF8203B09B80043AADF /* Frameworks */ = {
			isa = PBXFrameworksBuildPhase;
			buildActionMask = 2147483647;
			files = (
			);
			runOnlyForDeploymentPostprocessing = 0;
		};
/* End PBXFrameworksBuildPhase section */

/* Begin PBXGroup section */
		ECDFABF2203B09B80043AADF = {
			isa = PBXGroup;
			children = (
				ECDFABFD203B09B80043AADF /* RecipeApp */,
				ECDFABFC203B09B80043AADF /* Products */,
			);
			sourceTree = "<group>";
		};
		ECDFABFC203B09B80043AADF /* Products */ = {
			isa = PBXGroup;
			children = (
				ECDFABFB203B09B80043AADF /* RecipeApp.app */,
			);
			name = Products;
			sourceTree = "<group>";
		};
		ECDFABFD203B09B80043AADF /* RecipeApp */ = {
			isa = PBXGroup;
			children = (
				ECDFAC14203B0D570043AADF /* Model */,
				ECDFAC16203B0D800043AADF /* Views */,
				ECDFAC15203B0D660043AADF /* Controllers */,
				ECDFABFE203B09B80043AADF /* AppDelegate.swift */,
				ECDFAC10203B0CC00043AADF /* Video.swift */,
				ECDFAC02203B09B80043AADF /* Main.storyboard */,
				ECDFAC05203B09B80043AADF /* Assets.xcassets */,
				ECDFAC07203B09B80043AADF /* LaunchScreen.storyboard */,
				ECDFAC0A203B09B80043AADF /* Info.plist */,
			);
			path = RecipeApp;
			sourceTree = "<group>";
		};
		ECDFAC14203B0D570043AADF /* Model */ = {
			isa = PBXGroup;
			children = (
				ECDFAC12203B0D520043AADF /* VideoModel.swift */,
			);
			path = Model;
			sourceTree = "<group>";
		};
		ECDFAC15203B0D660043AADF /* Controllers */ = {
			isa = PBXGroup;
			children = (
				ECDFAC00203B09B80043AADF /* ViewController.swift */,
				ECDFAC17203B24270043AADF /* VideoDetailViewController.swift */,
			);
			path = Controllers;
			sourceTree = "<group>";
		};
		ECDFAC16203B0D800043AADF /* Views */ = {
			isa = PBXGroup;
			children = (
			);
			path = Views;
			sourceTree = "<group>";
		};
/* End PBXGroup section */

/* Begin PBXNativeTarget section */
		ECDFABFA203B09B80043AADF /* RecipeApp */ = {
			isa = PBXNativeTarget;
			buildConfigurationList = ECDFAC0D203B09B80043AADF /* Build configuration list for PBXNativeTarget "RecipeApp" */;
			buildPhases = (
				ECDFABF7203B09B80043AADF /* Sources */,
				ECDFABF8203B09B80043AADF /* Frameworks */,
				ECDFABF9203B09B80043AADF /* Resources */,
			);
			buildRules = (
			);
			dependencies = (
			);
			name = RecipeApp;
			productName = RecipeApp;
			productReference = ECDFABFB203B09B80043AADF /* RecipeApp.app */;
			productType = "com.apple.product-type.application";
		};
/* End PBXNativeTarget section */

/* Begin PBXProject section */
		ECDFABF3203B09B80043AADF /* Project object */ = {
			isa = PBXProject;
			attributes = {
				LastSwiftUpdateCheck = 0920;
				LastUpgradeCheck = 0920;
				ORGANIZATIONNAME = ford;
				TargetAttributes = {
					ECDFABFA203B09B80043AADF = {
						CreatedOnToolsVersion = 9.2;
						ProvisioningStyle = Automatic;
					};
				};
			};
			buildConfigurationList = ECDFABF6203B09B80043AADF /* Build configuration list for PBXProject "RecipeApp" */;
			compatibilityVersion = "Xcode 8.0";
			developmentRegion = en;
			hasScannedForEncodings = 0;
			knownRegions = (
				en,
				Base,
			);
			mainGroup = ECDFABF2203B09B80043AADF;
			productRefGroup = ECDFABFC203B09B80043AADF /* Products */;
			projectDirPath = "";
			projectRoot = "";
			targets = (
				ECDFABFA203B09B80043AADF /* RecipeApp */,
			);
		};
/* End PBXProject section */

/* Begin PBXResourcesBuildPhase section */
		ECDFABF9203B09B80043AADF /* Resources */ = {
			isa = PBXResourcesBuildPhase;
			buildActionMask = 2147483647;
			files = (
				ECDFAC09203B09B80043AADF /* LaunchScreen.storyboard in Resources */,
				ECDFAC06203B09B80043AADF /* Assets.xcassets in Resources */,
				ECDFAC04203B09B80043AADF /* Main.storyboard in Resources */,
			);
			runOnlyForDeploymentPostprocessing = 0;
		};
/* End PBXResourcesBuildPhase section */

/* Begin PBXSourcesBuildPhase section */
		ECDFABF7203B09B80043AADF /* Sources */ = {
			isa = PBXSourcesBuildPhase;
			buildActionMask = 2147483647;
			files = (
				ECDFAC01203B09B80043AADF /* ViewController.swift in Sources */,
				ECDFAC11203B0CC00043AADF /* Video.swift in Sources */,
				ECDFABFF203B09B80043AADF /* AppDelegate.swift in Sources */,
				ECDFAC18203B24270043AADF /* VideoDetailViewController.swift in Sources */,
				ECDFAC13203B0D520043AADF /* VideoModel.swift in Sources */,
			);
			runOnlyForDeploymentPostprocessing = 0;
		};
/* End PBXSourcesBuildPhase section */

/* Begin PBXVariantGroup section */
		ECDFAC02203B09B80043AADF /* Main.storyboard */ = {
			isa = PBXVariantGroup;
			children = (
				ECDFAC03203B09B80043AADF /* Base */,
			);
			name = Main.storyboard;
			sourceTree = "<group>";
		};
		ECDFAC07203B09B80043AADF /* LaunchScreen.storyboard */ = {
			isa = PBXVariantGroup;
			children = (
				ECDFAC08203B09B80043AADF /* Base */,
			);
			name = LaunchScreen.storyboard;
			sourceTree = "<group>";
		};
/* End PBXVariantGroup section */

/* Begin XCBuildConfiguration section */
		ECDFAC0B203B09B80043AADF /* Debug */ = {
			isa = XCBuildConfiguration;
			buildSettings = {
				ALWAYS_SEARCH_USER_PATHS = NO;
				CLANG_ANALYZER_NONNULL = YES;
				CLANG_ANALYZER_NUMBER_OBJECT_CONVERSION = YES_AGGRESSIVE;
				CLANG_CXX_LANGUAGE_STANDARD = "gnu++14";
				CLANG_CXX_LIBRARY = "libc++";
				CLANG_ENABLE_MODULES = YES;
				CLANG_ENABLE_OBJC_ARC = YES;
				CLANG_WARN_BLOCK_CAPTURE_AUTORELEASING = YES;
				CLANG_WARN_BOOL_CONVERSION = YES;
				CLANG_WARN_COMMA = YES;
				CLANG_WARN_CONSTANT_CONVERSION = YES;
				CLANG_WARN_DIRECT_OBJC_ISA_USAGE = YES_ERROR;
				CLANG_WARN_DOCUMENTATION_COMMENTS = YES;
				CLANG_WARN_EMPTY_BODY = YES;
				CLANG_WARN_ENUM_CONVERSION = YES;
				CLANG_WARN_INFINITE_RECURSION = YES;
				CLANG_WARN_INT_CONVERSION = YES;
				CLANG_WARN_NON_LITERAL_NULL_CONVERSION = YES;
				CLANG_WARN_OBJC_LITERAL_CONVERSION = YES;
				CLANG_WARN_OBJC_ROOT_CLASS = YES_ERROR;
				CLANG_WARN_RANGE_LOOP_ANALYSIS = YES;
				CLANG_WARN_STRICT_PROTOTYPES = YES;
				CLANG_WARN_SUSPICIOUS_MOVE = YES;
				CLANG_WARN_UNGUARDED_AVAILABILITY = YES_AGGRESSIVE;
				CLANG_WARN_UNREACHABLE_CODE = YES;
				CLANG_WARN__DUPLICATE_METHOD_MATCH = YES;
				CODE_SIGN_IDENTITY = "iPhone Developer";
				COPY_PHASE_STRIP = NO;
				DEBUG_INFORMATION_FORMAT = dwarf;
				ENABLE_STRICT_OBJC_MSGSEND = YES;
				ENABLE_TESTABILITY = YES;
				GCC_C_LANGUAGE_STANDARD = gnu11;
				GCC_DYNAMIC_NO_PIC = NO;
				GCC_NO_COMMON_BLOCKS = YES;
				GCC_OPTIMIZATION_LEVEL = 0;
				GCC_PREPROCESSOR_DEFINITIONS = (
					"DEBUG=1",
					"$(inherited)",
				);
				GCC_WARN_64_TO_32_BIT_CONVERSION = YES;
				GCC_WARN_ABOUT_RETURN_TYPE = YES_ERROR;
				GCC_WARN_UNDECLARED_SELECTOR = YES;
				GCC_WARN_UNINITIALIZED_AUTOS = YES_AGGRESSIVE;
				GCC_WARN_UNUSED_FUNCTION = YES;
				GCC_WARN_UNUSED_VARIABLE = YES;
				IPHONEOS_DEPLOYMENT_TARGET = 11.2;
				MTL_ENABLE_DEBUG_INFO = YES;
				ONLY_ACTIVE_ARCH = YES;
				SDKROOT = iphoneos;
				SWIFT_ACTIVE_COMPILATION_CONDITIONS = DEBUG;
				SWIFT_OPTIMIZATION_LEVEL = "-Onone";
			};
			name = Debug;
		};
		ECDFAC0C203B09B80043AADF /* Release */ = {
			isa = XCBuildConfiguration;
			buildSettings = {
				ALWAYS_SEARCH_USER_PATHS = NO;
				CLANG_ANALYZER_NONNULL = YES;
				CLANG_ANALYZER_NUMBER_OBJECT_CONVERSION = YES_AGGRESSIVE;
				CLANG_CXX_LANGUAGE_STANDARD = "gnu++14";
				CLANG_CXX_LIBRARY = "libc++";
				CLANG_ENABLE_MODULES = YES;
				CLANG_ENABLE_OBJC_ARC = YES;
				CLANG_WARN_BLOCK_CAPTURE_AUTORELEASING = YES;
				CLANG_WARN_BOOL_CONVERSION = YES;
				CLANG_WARN_COMMA = YES;
				CLANG_WARN_CONSTANT_CONVERSION = YES;
				CLANG_WARN_DIRECT_OBJC_ISA_USAGE = YES_ERROR;
				CLANG_WARN_DOCUMENTATION_COMMENTS = YES;
				CLANG_WARN_EMPTY_BODY = YES;
				CLANG_WARN_ENUM_CONVERSION = YES;
				CLANG_WARN_INFINITE_RECURSION = YES;
				CLANG_WARN_INT_CONVERSION = YES;
				CLANG_WARN_NON_LITERAL_NULL_CONVERSION = YES;
				CLANG_WARN_OBJC_LITERAL_CONVERSION = YES;
				CLANG_WARN_OBJC_ROOT_CLASS = YES_ERROR;
				CLANG_WARN_RANGE_LOOP_ANALYSIS = YES;
				CLANG_WARN_STRICT_PROTOTYPES = YES;
				CLANG_WARN_SUSPICIOUS_MOVE = YES;
				CLANG_WARN_UNGUARDED_AVAILABILITY = YES_AGGRESSIVE;
				CLANG_WARN_UNREACHABLE_CODE = YES;
				CLANG_WARN__DUPLICATE_METHOD_MATCH = YES;
				CODE_SIGN_IDENTITY = "iPhone Developer";
				COPY_PHASE_STRIP = NO;
				DEBUG_INFORMATION_FORMAT = "dwarf-with-dsym";
				ENABLE_NS_ASSERTIONS = NO;
				ENABLE_STRICT_OBJC_MSGSEND = YES;
				GCC_C_LANGUAGE_STANDARD = gnu11;
				GCC_NO_COMMON_BLOCKS = YES;
				GCC_WARN_64_TO_32_BIT_CONVERSION = YES;
				GCC_WARN_ABOUT_RETURN_TYPE = YES_ERROR;
				GCC_WARN_UNDECLARED_SELECTOR = YES;
				GCC_WARN_UNINITIALIZED_AUTOS = YES_AGGRESSIVE;
				GCC_WARN_UNUSED_FUNCTION = YES;
				GCC_WARN_UNUSED_VARIABLE = YES;
				IPHONEOS_DEPLOYMENT_TARGET = 11.2;
				MTL_ENABLE_DEBUG_INFO = NO;
				SDKROOT = iphoneos;
				SWIFT_OPTIMIZATION_LEVEL = "-Owholemodule";
				VALIDATE_PRODUCT = YES;
			};
			name = Release;
		};
		ECDFAC0E203B09B80043AADF /* Debug */ = {
			isa = XCBuildConfiguration;
			buildSettings = {
				ASSETCATALOG_COMPILER_APPICON_NAME = AppIcon;
				CODE_SIGN_STYLE = Automatic;
				INFOPLIST_FILE = RecipeApp/Info.plist;
				LD_RUNPATH_SEARCH_PATHS = "$(inherited) @executable_path/Frameworks";
				PRODUCT_BUNDLE_IDENTIFIER = com.hasan.RecipeApp;
				PRODUCT_NAME = "$(TARGET_NAME)";
				SWIFT_VERSION = 4.0;
				TARGETED_DEVICE_FAMILY = "1,2";
			};
			name = Debug;
		};
		ECDFAC0F203B09B80043AADF /* Release */ = {
			isa = XCBuildConfiguration;
			buildSettings = {
				ASSETCATALOG_COMPILER_APPICON_NAME = AppIcon;
				CODE_SIGN_STYLE = Automatic;
				INFOPLIST_FILE = RecipeApp/Info.plist;
				LD_RUNPATH_SEARCH_PATHS = "$(inherited) @executable_path/Frameworks";
				PRODUCT_BUNDLE_IDENTIFIER = com.hasan.RecipeApp;
				PRODUCT_NAME = "$(TARGET_NAME)";
				SWIFT_VERSION = 4.0;
				TARGETED_DEVICE_FAMILY = "1,2";
			};
			name = Release;
		};
/* End XCBuildConfiguration section */

/* Begin XCConfigurationList section */
		ECDFABF6203B09B80043AADF /* Build configuration list for PBXProject "RecipeApp" */ = {
			isa = XCConfigurationList;
			buildConfigurations = (
				ECDFAC0B203B09B80043AADF /* Debug */,
				ECDFAC0C203B09B80043AADF /* Release */,
			);
			defaultConfigurationIsVisible = 0;
			defaultConfigurationName = Release;
		};
		ECDFAC0D203B09B80043AADF /* Build configuration list for PBXNativeTarget "RecipeApp" */ = {
			isa = XCConfigurationList;
			buildConfigurations = (
				ECDFAC0E203B09B80043AADF /* Debug */,
				ECDFAC0F203B09B80043AADF /* Release */,
			);
			defaultConfigurationIsVisible = 0;
			defaultConfigurationName = Release;
		};
/* End XCConfigurationList section */
	};
	rootObject = ECDFABF3203B09B80043AADF /* Project object */;
}
